// !$*UTF8*$!
{
	archiveVersion = 1;
	classes = {
	};
	objectVersion = 50;
	objects = {

/* Begin PBXBuildFile section */
		5463A5B8CFD0E50445790F51 /* Pods_UIChallenge.framework in Frameworks */ = {isa = PBXBuildFile; fileRef = 4051B070985C62A3C4AC48D8 /* Pods_UIChallenge.framework */; };
		BDD800B826FB3B2200AE3CBA /* AppDelegate.swift in Sources */ = {isa = PBXBuildFile; fileRef = BDD800B726FB3B2200AE3CBA /* AppDelegate.swift */; };
		BDD800BA26FB3B2200AE3CBA /* SceneDelegate.swift in Sources */ = {isa = PBXBuildFile; fileRef = BDD800B926FB3B2200AE3CBA /* SceneDelegate.swift */; };
		BDD800BC26FB3B2200AE3CBA /* ViewController.swift in Sources */ = {isa = PBXBuildFile; fileRef = BDD800BB26FB3B2200AE3CBA /* ViewController.swift */; };
		BDD800BF26FB3B2200AE3CBA /* Main.storyboard in Resources */ = {isa = PBXBuildFile; fileRef = BDD800BD26FB3B2200AE3CBA /* Main.storyboard */; };
		BDD800C126FB3B2400AE3CBA /* Assets.xcassets in Resources */ = {isa = PBXBuildFile; fileRef = BDD800C026FB3B2400AE3CBA /* Assets.xcassets */; };
		BDD800C426FB3B2400AE3CBA /* LaunchScreen.storyboard in Resources */ = {isa = PBXBuildFile; fileRef = BDD800C226FB3B2400AE3CBA /* LaunchScreen.storyboard */; };
/* End PBXBuildFile section */

/* Begin PBXFileReference section */
		4051B070985C62A3C4AC48D8 /* Pods_UIChallenge.framework */ = {isa = PBXFileReference; explicitFileType = wrapper.framework; includeInIndex = 0; path = Pods_UIChallenge.framework; sourceTree = BUILT_PRODUCTS_DIR; };
		4B48A075199852F88F739922 /* Pods-UIChallenge.release.xcconfig */ = {isa = PBXFileReference; includeInIndex = 1; lastKnownFileType = text.xcconfig; name = "Pods-UIChallenge.release.xcconfig"; path = "Target Support Files/Pods-UIChallenge/Pods-UIChallenge.release.xcconfig"; sourceTree = "<group>"; };
		BDD800B426FB3B2200AE3CBA /* UIChallenge.app */ = {isa = PBXFileReference; explicitFileType = wrapper.application; includeInIndex = 0; path = UIChallenge.app; sourceTree = BUILT_PRODUCTS_DIR; };
		BDD800B726FB3B2200AE3CBA /* AppDelegate.swift */ = {isa = PBXFileReference; lastKnownFileType = sourcecode.swift; path = AppDelegate.swift; sourceTree = "<group>"; };
		BDD800B926FB3B2200AE3CBA /* SceneDelegate.swift */ = {isa = PBXFileReference; lastKnownFileType = sourcecode.swift; path = SceneDelegate.swift; sourceTree = "<group>"; };
		BDD800BB26FB3B2200AE3CBA /* ViewController.swift */ = {isa = PBXFileReference; lastKnownFileType = sourcecode.swift; path = ViewController.swift; sourceTree = "<group>"; };
		BDD800BE26FB3B2200AE3CBA /* Base */ = {isa = PBXFileReference; lastKnownFileType = file.storyboard; name = Base; path = Base.lproj/Main.storyboard; sourceTree = "<group>"; };
		BDD800C026FB3B2400AE3CBA /* Assets.xcassets */ = {isa = PBXFileReference; lastKnownFileType = folder.assetcatalog; path = Assets.xcassets; sourceTree = "<group>"; };
		BDD800C326FB3B2400AE3CBA /* Base */ = {isa = PBXFileReference; lastKnownFileType = file.storyboard; name = Base; path = Base.lproj/LaunchScreen.storyboard; sourceTree = "<group>"; };
		BDD800C526FB3B2400AE3CBA /* Info.plist */ = {isa = PBXFileReference; lastKnownFileType = text.plist.xml; path = Info.plist; sourceTree = "<group>"; };
		F2426885A66CF15132084BD1 /* Pods-UIChallenge.debug.xcconfig */ = {isa = PBXFileReference; includeInIndex = 1; lastKnownFileType = text.xcconfig; name = "Pods-UIChallenge.debug.xcconfig"; path = "Target Support Files/Pods-UIChallenge/Pods-UIChallenge.debug.xcconfig"; sourceTree = "<group>"; };
/* End PBXFileReference section */

/* Begin PBXFrameworksBuildPhase section */
		BDD800B126FB3B2200AE3CBA /* Frameworks */ = {
			isa = PBXFrameworksBuildPhase;
			buildActionMask = 2147483647;
			files = (
				5463A5B8CFD0E50445790F51 /* Pods_UIChallenge.framework in Frameworks */,
			);
			runOnlyForDeploymentPostprocessing = 0;
		};
/* End PBXFrameworksBuildPhase section */

/* Begin PBXGroup section */
		A75A5EC6EBA26CC1C91994ED /* Frameworks */ = {
			isa = PBXGroup;
			children = (
				4051B070985C62A3C4AC48D8 /* Pods_UIChallenge.framework */,
			);
			name = Frameworks;
			sourceTree = "<group>";
		};
		BDD800AB26FB3B2200AE3CBA = {
			isa = PBXGroup;
			children = (
				BDD800B626FB3B2200AE3CBA /* UIChallenge */,
				BDD800B526FB3B2200AE3CBA /* Products */,
				ED46ED64EF11943CAF537563 /* Pods */,
				A75A5EC6EBA26CC1C91994ED /* Frameworks */,
			);
			sourceTree = "<group>";
		};
		BDD800B526FB3B2200AE3CBA /* Products */ = {
			isa = PBXGroup;
			children = (
				BDD800B426FB3B2200AE3CBA /* UIChallenge.app */,
			);
			name = Products;
			sourceTree = "<group>";
		};
		BDD800B626FB3B2200AE3CBA /* UIChallenge */ = {
			isa = PBXGroup;
			children = (
				BDD800B726FB3B2200AE3CBA /* AppDelegate.swift */,
				BDD800B926FB3B2200AE3CBA /* SceneDelegate.swift */,
				BDD800BB26FB3B2200AE3CBA /* ViewController.swift */,
				BDD800BD26FB3B2200AE3CBA /* Main.storyboard */,
				BDD800C026FB3B2400AE3CBA /* Assets.xcassets */,
				BDD800C226FB3B2400AE3CBA /* LaunchScreen.storyboard */,
				BDD800C526FB3B2400AE3CBA /* Info.plist */,
			);
			path = UIChallenge;
			sourceTree = "<group>";
		};
		ED46ED64EF11943CAF537563 /* Pods */ = {
			isa = PBXGroup;
			children = (
				F2426885A66CF15132084BD1 /* Pods-UIChallenge.debug.xcconfig */,
				4B48A075199852F88F739922 /* Pods-UIChallenge.release.xcconfig */,
			);
			name = Pods;
			path = Pods;
			sourceTree = "<group>";
		};
/* End PBXGroup section */

/* Begin PBXNativeTarget section */
		BDD800B326FB3B2200AE3CBA /* UIChallenge */ = {
			isa = PBXNativeTarget;
			buildConfigurationList = BDD800C826FB3B2400AE3CBA /* Build configuration list for PBXNativeTarget "UIChallenge" */;
			buildPhases = (
				1E7DF7063B92381F711B39A5 /* [CP] Check Pods Manifest.lock */,
				BDD800B026FB3B2200AE3CBA /* Sources */,
				BDD800B126FB3B2200AE3CBA /* Frameworks */,
				BDD800B226FB3B2200AE3CBA /* Resources */,
				EDA7F5FD374AA2C3EFC78426 /* [CP] Embed Pods Frameworks */,
			);
			buildRules = (
			);
			dependencies = (
			);
			name = UIChallenge;
			productName = UIChallenge;
			productReference = BDD800B426FB3B2200AE3CBA /* UIChallenge.app */;
			productType = "com.apple.product-type.application";
		};
/* End PBXNativeTarget section */

/* Begin PBXProject section */
		BDD800AC26FB3B2200AE3CBA /* Project object */ = {
			isa = PBXProject;
			attributes = {
				LastSwiftUpdateCheck = 1250;
				LastUpgradeCheck = 1250;
				TargetAttributes = {
					BDD800B326FB3B2200AE3CBA = {
						CreatedOnToolsVersion = 12.5;
					};
				};
			};
			buildConfigurationList = BDD800AF26FB3B2200AE3CBA /* Build configuration list for PBXProject "UIChallenge" */;
			compatibilityVersion = "Xcode 9.3";
			developmentRegion = en;
			hasScannedForEncodings = 0;
			knownRegions = (
				en,
				Base,
			);
			mainGroup = BDD800AB26FB3B2200AE3CBA;
			productRefGroup = BDD800B526FB3B2200AE3CBA /* Products */;
			projectDirPath = "";
			projectRoot = "";
			targets = (
				BDD800B326FB3B2200AE3CBA /* UIChallenge */,
			);
		};
/* End PBXProject section */

/* Begin PBXResourcesBuildPhase section */
		BDD800B226FB3B2200AE3CBA /* Resources */ = {
			isa = PBXResourcesBuildPhase;
			buildActionMask = 2147483647;
			files = (
				BDD800C426FB3B2400AE3CBA /* LaunchScreen.storyboard in Resources */,
				BDD800C126FB3B2400AE3CBA /* Assets.xcassets in Resources */,
				BDD800BF26FB3B2200AE3CBA /* Main.storyboard in Resources */,
			);
			runOnlyForDeploymentPostprocessing = 0;
		};
/* End PBXResourcesBuildPhase section */

/* Begin PBXShellScriptBuildPhase section */
		1E7DF7063B92381F711B39A5 /* [CP] Check Pods Manifest.lock */ = {
			isa = PBXShellScriptBuildPhase;
			buildActionMask = 2147483647;
			files = (
			);
			inputFileListPaths = (
			);
			inputPaths = (
				"${PODS_PODFILE_DIR_PATH}/Podfile.lock",
				"${PODS_ROOT}/Manifest.lock",
			);
			name = "[CP] Check Pods Manifest.lock";
			outputFileListPaths = (
			);
			outputPaths = (
				"$(DERIVED_FILE_DIR)/Pods-UIChallenge-checkManifestLockResult.txt",
			);
			runOnlyForDeploymentPostprocessing = 0;
			shellPath = /bin/sh;
			shellScript = "diff \"${PODS_PODFILE_DIR_PATH}/Podfile.lock\" \"${PODS_ROOT}/Manifest.lock\" > /dev/null\nif [ $? != 0 ] ; then\n    # print error to STDERR\n    echo \"error: The sandbox is not in sync with the Podfile.lock. Run 'pod install' or update your CocoaPods installation.\" >&2\n    exit 1\nfi\n# This output is used by Xcode 'outputs' to avoid re-running this script phase.\necho \"SUCCESS\" > \"${SCRIPT_OUTPUT_FILE_0}\"\n";
			showEnvVarsInLog = 0;
		};
		EDA7F5FD374AA2C3EFC78426 /* [CP] Embed Pods Frameworks */ = {
			isa = PBXShellScriptBuildPhase;
			buildActionMask = 2147483647;
			files = (
			);
			inputFileListPaths = (
				"${PODS_ROOT}/Target Support Files/Pods-UIChallenge/Pods-UIChallenge-frameworks-${CONFIGURATION}-input-files.xcfilelist",
			);
			name = "[CP] Embed Pods Frameworks";
			outputFileListPaths = (
				"${PODS_ROOT}/Target Support Files/Pods-UIChallenge/Pods-UIChallenge-frameworks-${CONFIGURATION}-output-files.xcfilelist",
			);
			runOnlyForDeploymentPostprocessing = 0;
			shellPath = /bin/sh;
			shellScript = "\"${PODS_ROOT}/Target Support Files/Pods-UIChallenge/Pods-UIChallenge-frameworks.sh\"\n";
			showEnvVarsInLog = 0;
		};
/* End PBXShellScriptBuildPhase section */

/* Begin PBXSourcesBuildPhase section */
		BDD800B026FB3B2200AE3CBA /* Sources */ = {
			isa = PBXSourcesBuildPhase;
			buildActionMask = 2147483647;
			files = (
				BDD800BC26FB3B2200AE3CBA /* ViewController.swift in Sources */,
				BDD800B826FB3B2200AE3CBA /* AppDelegate.swift in Sources */,
				BDD800BA26FB3B2200AE3CBA /* SceneDelegate.swift in Sources */,
			);
			runOnlyForDeploymentPostprocessing = 0;
		};
/* End PBXSourcesBuildPhase section */

/* Begin PBXVariantGroup section */
		BDD800BD26FB3B2200AE3CBA /* Main.storyboard */ = {
			isa = PBXVariantGroup;
			children = (
				BDD800BE26FB3B2200AE3CBA /* Base */,
			);
			name = Main.storyboard;
			sourceTree = "<group>";
		};
		BDD800C226FB3B2400AE3CBA /* LaunchScreen.storyboard */ = {
			isa = PBXVariantGroup;
			children = (
				BDD800C326FB3B2400AE3CBA /* Base */,
			);
			name = LaunchScreen.storyboard;
			sourceTree = "<group>";
		};
/* End PBXVariantGroup section */

/* Begin XCBuildConfiguration section */
		BDD800C626FB3B2400AE3CBA /* Debug */ = {
			isa = XCBuildConfiguration;
			buildSettings = {
				ALWAYS_SEARCH_USER_PATHS = NO;
				CLANG_ANALYZER_NONNULL = YES;
				CLANG_ANALYZER_NUMBER_OBJECT_CONVERSION = YES_AGGRESSIVE;
				CLANG_CXX_LANGUAGE_STANDARD = "gnu++14";
				CLANG_CXX_LIBRARY = "libc++";
				CLANG_ENABLE_MODULES = YES;
				CLANG_ENABLE_OBJC_ARC = YES;
				CLANG_ENABLE_OBJC_WEAK = YES;
				CLANG_WARN_BLOCK_CAPTURE_AUTORELEASING = YES;
				CLANG_WARN_BOOL_CONVERSION = YES;
				CLANG_WARN_COMMA = YES;
				CLANG_WARN_CONSTANT_CONVERSION = YES;
				CLANG_WARN_DEPRECATED_OBJC_IMPLEMENTATIONS = YES;
				CLANG_WARN_DIRECT_OBJC_ISA_USAGE = YES_ERROR;
				CLANG_WARN_DOCUMENTATION_COMMENTS = YES;
				CLANG_WARN_EMPTY_BODY = YES;
				CLANG_WARN_ENUM_CONVERSION = YES;
				CLANG_WARN_INFINITE_RECURSION = YES;
				CLANG_WARN_INT_CONVERSION = YES;
				CLANG_WARN_NON_LITERAL_NULL_CONVERSION = YES;
				CLANG_WARN_OBJC_IMPLICIT_RETAIN_SELF = YES;
				CLANG_WARN_OBJC_LITERAL_CONVERSION = YES;
				CLANG_WARN_OBJC_ROOT_CLASS = YES_ERROR;
				CLANG_WARN_QUOTED_INCLUDE_IN_FRAMEWORK_HEADER = YES;
				CLANG_WARN_RANGE_LOOP_ANALYSIS = YES;
				CLANG_WARN_STRICT_PROTOTYPES = YES;
				CLANG_WARN_SUSPICIOUS_MOVE = YES;
				CLANG_WARN_UNGUARDED_AVAILABILITY = YES_AGGRESSIVE;
				CLANG_WARN_UNREACHABLE_CODE = YES;
				CLANG_WARN__DUPLICATE_METHOD_MATCH = YES;
				COPY_PHASE_STRIP = NO;
				DEBUG_INFORMATION_FORMAT = dwarf;
				ENABLE_STRICT_OBJC_MSGSEND = YES;
				ENABLE_TESTABILITY = YES;
				GCC_C_LANGUAGE_STANDARD = gnu11;
				GCC_DYNAMIC_NO_PIC = NO;
				GCC_NO_COMMON_BLOCKS = YES;
				GCC_OPTIMIZATION_LEVEL = 0;
				GCC_PREPROCESSOR_DEFINITIONS = (
					"DEBUG=1",
					"$(inherited)",
				);
				GCC_WARN_64_TO_32_BIT_CONVERSION = YES;
				GCC_WARN_ABOUT_RETURN_TYPE = YES_ERROR;
				GCC_WARN_UNDECLARED_SELECTOR = YES;
				GCC_WARN_UNINITIALIZED_AUTOS = YES_AGGRESSIVE;
				GCC_WARN_UNUSED_FUNCTION = YES;
				GCC_WARN_UNUSED_VARIABLE = YES;
				IPHONEOS_DEPLOYMENT_TARGET = 14.5;
				MTL_ENABLE_DEBUG_INFO = INCLUDE_SOURCE;
				MTL_FAST_MATH = YES;
				ONLY_ACTIVE_ARCH = YES;
				SDKROOT = iphoneos;
				SWIFT_ACTIVE_COMPILATION_CONDITIONS = DEBUG;
				SWIFT_OPTIMIZATION_LEVEL = "-Onone";
			};
			name = Debug;
		};
		BDD800C726FB3B2400AE3CBA /* Release */ = {
			isa = XCBuildConfiguration;
			buildSettings = {
				ALWAYS_SEARCH_USER_PATHS = NO;
				CLANG_ANALYZER_NONNULL = YES;
				CLANG_ANALYZER_NUMBER_OBJECT_CONVERSION = YES_AGGRESSIVE;
				CLANG_CXX_LANGUAGE_STANDARD = "gnu++14";
				CLANG_CXX_LIBRARY = "libc++";
				CLANG_ENABLE_MODULES = YES;
				CLANG_ENABLE_OBJC_ARC = YES;
				CLANG_ENABLE_OBJC_WEAK = YES;
				CLANG_WARN_BLOCK_CAPTURE_AUTORELEASING = YES;
				CLANG_WARN_BOOL_CONVERSION = YES;
				CLANG_WARN_COMMA = YES;
				CLANG_WARN_CONSTANT_CONVERSION = YES;
				CLANG_WARN_DEPRECATED_OBJC_IMPLEMENTATIONS = YES;
				CLANG_WARN_DIRECT_OBJC_ISA_USAGE = YES_ERROR;
				CLANG_WARN_DOCUMENTATION_COMMENTS = YES;
				CLANG_WARN_EMPTY_BODY = YES;
				CLANG_WARN_ENUM_CONVERSION = YES;
				CLANG_WARN_INFINITE_RECURSION = YES;
				CLANG_WARN_INT_CONVERSION = YES;
				CLANG_WARN_NON_LITERAL_NULL_CONVERSION = YES;
				CLANG_WARN_OBJC_IMPLICIT_RETAIN_SELF = YES;
				CLANG_WARN_OBJC_LITERAL_CONVERSION = YES;
				CLANG_WARN_OBJC_ROOT_CLASS = YES_ERROR;
				CLANG_WARN_QUOTED_INCLUDE_IN_FRAMEWORK_HEADER = YES;
				CLANG_WARN_RANGE_LOOP_ANALYSIS = YES;
				CLANG_WARN_STRICT_PROTOTYPES = YES;
				CLANG_WARN_SUSPICIOUS_MOVE = YES;
				CLANG_WARN_UNGUARDED_AVAILABILITY = YES_AGGRESSIVE;
				CLANG_WARN_UNREACHABLE_CODE = YES;
				CLANG_WARN__DUPLICATE_METHOD_MATCH = YES;
				COPY_PHASE_STRIP = NO;
				DEBUG_INFORMATION_FORMAT = "dwarf-with-dsym";
				ENABLE_NS_ASSERTIONS = NO;
				ENABLE_STRICT_OBJC_MSGSEND = YES;
				GCC_C_LANGUAGE_STANDARD = gnu11;
				GCC_NO_COMMON_BLOCKS = YES;
				GCC_WARN_64_TO_32_BIT_CONVERSION = YES;
				GCC_WARN_ABOUT_RETURN_TYPE = YES_ERROR;
				GCC_WARN_UNDECLARED_SELECTOR = YES;
				GCC_WARN_UNINITIALIZED_AUTOS = YES_AGGRESSIVE;
				GCC_WARN_UNUSED_FUNCTION = YES;
				GCC_WARN_UNUSED_VARIABLE = YES;
				IPHONEOS_DEPLOYMENT_TARGET = 14.5;
				MTL_ENABLE_DEBUG_INFO = NO;
				MTL_FAST_MATH = YES;
				SDKROOT = iphoneos;
				SWIFT_COMPILATION_MODE = wholemodule;
				SWIFT_OPTIMIZATION_LEVEL = "-O";
				VALIDATE_PRODUCT = YES;
			};
			name = Release;
		};
		BDD800C926FB3B2400AE3CBA /* Debug */ = {
			isa = XCBuildConfiguration;
			baseConfigurationReference = F2426885A66CF15132084BD1 /* Pods-UIChallenge.debug.xcconfig */;
			buildSettings = {
				ASSETCATALOG_COMPILER_APPICON_NAME = AppIcon;
				ASSETCATALOG_COMPILER_GLOBAL_ACCENT_COLOR_NAME = AccentColor;
				CODE_SIGN_STYLE = Automatic;
				DEVELOPMENT_TEAM = W895YM7ZMH;
				INFOPLIST_FILE = UIChallenge/Info.plist;
				LD_RUNPATH_SEARCH_PATHS = (
					"$(inherited)",
					"@executable_path/Frameworks",
				);
				PRODUCT_BUNDLE_IDENTIFIER = com.dooribon.UIChallenge;
				PRODUCT_NAME = "$(TARGET_NAME)";
				SWIFT_VERSION = 5.0;
				TARGETED_DEVICE_FAMILY = "1,2";
			};
			name = Debug;
		};
		BDD800CA26FB3B2400AE3CBA /* Release */ = {
			isa = XCBuildConfiguration;
			baseConfigurationReference = 4B48A075199852F88F739922 /* Pods-UIChallenge.release.xcconfig */;
			buildSettings = {
				ASSETCATALOG_COMPILER_APPICON_NAME = AppIcon;
				ASSETCATALOG_COMPILER_GLOBAL_ACCENT_COLOR_NAME = AccentColor;
				CODE_SIGN_STYLE = Automatic;
				DEVELOPMENT_TEAM = W895YM7ZMH;
				INFOPLIST_FILE = UIChallenge/Info.plist;
				LD_RUNPATH_SEARCH_PATHS = (
					"$(inherited)",
					"@executable_path/Frameworks",
				);
				PRODUCT_BUNDLE_IDENTIFIER = com.dooribon.UIChallenge;
				PRODUCT_NAME = "$(TARGET_NAME)";
				SWIFT_VERSION = 5.0;
				TARGETED_DEVICE_FAMILY = "1,2";
			};
			name = Release;
		};
/* End XCBuildConfiguration section */

/* Begin XCConfigurationList section */
		BDD800AF26FB3B2200AE3CBA /* Build configuration list for PBXProject "UIChallenge" */ = {
			isa = XCConfigurationList;
			buildConfigurations = (
				BDD800C626FB3B2400AE3CBA /* Debug */,
				BDD800C726FB3B2400AE3CBA /* Release */,
			);
			defaultConfigurationIsVisible = 0;
			defaultConfigurationName = Release;
		};
		BDD800C826FB3B2400AE3CBA /* Build configuration list for PBXNativeTarget "UIChallenge" */ = {
			isa = XCConfigurationList;
			buildConfigurations = (
				BDD800C926FB3B2400AE3CBA /* Debug */,
				BDD800CA26FB3B2400AE3CBA /* Release */,
			);
			defaultConfigurationIsVisible = 0;
			defaultConfigurationName = Release;
		};
/* End XCConfigurationList section */
	};
	rootObject = BDD800AC26FB3B2200AE3CBA /* Project object */;
}
